// !$*UTF8*$!
{
	archiveVersion = 1;
	classes = {
	};
	objectVersion = 77;
	objects = {

/* Begin PBXBuildFile section */
		FBA58F402DFC6064009AAB50 /* ElementsDetected.swift in Sources */ = {isa = PBXBuildFile; fileRef = FBA58F3F2DFC6064009AAB50 /* ElementsDetected.swift */; };
		FBA58F422DFC657D009AAB50 /* RectanglesDetected.swift in Sources */ = {isa = PBXBuildFile; fileRef = FBA58F412DFC657D009AAB50 /* RectanglesDetected.swift */; };
		FBA58F442DFC65F3009AAB50 /* HandDetected.swift in Sources */ = {isa = PBXBuildFile; fileRef = FBA58F432DFC65F3009AAB50 /* HandDetected.swift */; };
		FBA58F462DFC6622009AAB50 /* PiedraPapelTijera.mlpackage in Sources */ = {isa = PBXBuildFile; fileRef = FBA58F452DFC6622009AAB50 /* PiedraPapelTijera.mlpackage */; };
		FBA58F4B2DFC68EB009AAB50 /* MainContent.swift in Sources */ = {isa = PBXBuildFile; fileRef = FBA58F4A2DFC68EB009AAB50 /* MainContent.swift */; };
		FBA58F4D2DFC6C2B009AAB50 /* Points18Detected.swift in Sources */ = {isa = PBXBuildFile; fileRef = FBA58F4C2DFC6C2B009AAB50 /* Points18Detected.swift */; };
		FBA58F4F2DFC6CDA009AAB50 /* AppleIntelligenceView.swift in Sources */ = {isa = PBXBuildFile; fileRef = FBA58F4E2DFC6CDA009AAB50 /* AppleIntelligenceView.swift */; };
		FBA58F512DFC6D20009AAB50 /* AppleIntelligenceVM.swift in Sources */ = {isa = PBXBuildFile; fileRef = FBA58F502DFC6D20009AAB50 /* AppleIntelligenceVM.swift */; };
		FBAD1FA22DF9B4B00089935C /* Dados.mlmodel in Sources */ = {isa = PBXBuildFile; fileRef = FBAD1F9E2DF9B4B00089935C /* Dados.mlmodel */; };
		FBAD1FA42DF9B4B00089935C /* YOLOv3Tiny.mlmodel in Sources */ = {isa = PBXBuildFile; fileRef = FBAD1FA12DF9B4B00089935C /* YOLOv3Tiny.mlmodel */; };
		FBAD1FA62DF9B4B00089935C /* SuperHeroes.mlpackage in Sources */ = {isa = PBXBuildFile; fileRef = FBAD1FA02DF9B4B00089935C /* SuperHeroes.mlpackage */; };
		FBAD1FA82DF9B5550089935C /* Models.swift in Sources */ = {isa = PBXBuildFile; fileRef = FBAD1FA72DF9B5550089935C /* Models.swift */; };
		FBAD1FAA2DF9C16A0089935C /* CameraFeed.swift in Sources */ = {isa = PBXBuildFile; fileRef = FBAD1FA92DF9C16A0089935C /* CameraFeed.swift */; };
		FBAD1FAC2DF9C1AB0089935C /* PlayStyle.swift in Sources */ = {isa = PBXBuildFile; fileRef = FBAD1FAB2DF9C1AB0089935C /* PlayStyle.swift */; };
		FBAD1FAE2DF9C1C20089935C /* PlayerVideo.swift in Sources */ = {isa = PBXBuildFile; fileRef = FBAD1FAD2DF9C1C20089935C /* PlayerVideo.swift */; };
		FBAD1FB02DF9C1DB0089935C /* VideoPlayerView.swift in Sources */ = {isa = PBXBuildFile; fileRef = FBAD1FAF2DF9C1DB0089935C /* VideoPlayerView.swift */; };
		FBD237772DF6129A00A9B084 /* AIApp.swift in Sources */ = {isa = PBXBuildFile; fileRef = FBD237732DF6129A00A9B084 /* AIApp.swift */; };
		FBD237782DF6129A00A9B084 /* ContentView.swift in Sources */ = {isa = PBXBuildFile; fileRef = FBD237752DF6129A00A9B084 /* ContentView.swift */; };
		FBD237792DF6129A00A9B084 /* Assets.xcassets in Resources */ = {isa = PBXBuildFile; fileRef = FBD237742DF6129A00A9B084 /* Assets.xcassets */; };
		FBD2377D2DF612A100A9B084 /* Anime1.mlpackage in Sources */ = {isa = PBXBuildFile; fileRef = FBD2377A2DF612A100A9B084 /* Anime1.mlpackage */; };
		FBD2377E2DF612A100A9B084 /* FastViTT8F16.mlpackage in Sources */ = {isa = PBXBuildFile; fileRef = FBD2377B2DF612A100A9B084 /* FastViTT8F16.mlpackage */; };
		FBD237802DF6131900A9B084 /* ModelsVM.swift in Sources */ = {isa = PBXBuildFile; fileRef = FBD2377F2DF6131900A9B084 /* ModelsVM.swift */; };
		FBD237822DF61C1900A9B084 /* VisionLibraryView.swift in Sources */ = {isa = PBXBuildFile; fileRef = FBD237812DF61C1900A9B084 /* VisionLibraryView.swift */; };
		FBD237842DF6201400A9B084 /* Enums.swift in Sources */ = {isa = PBXBuildFile; fileRef = FBD237832DF6201400A9B084 /* Enums.swift */; };
		FBD237862DF722F300A9B084 /* Extension.swift in Sources */ = {isa = PBXBuildFile; fileRef = FBD237852DF722F300A9B084 /* Extension.swift */; };
		FBD237882DF7D58E00A9B084 /* CameraPickerView.swift in Sources */ = {isa = PBXBuildFile; fileRef = FBD237872DF7D58E00A9B084 /* CameraPickerView.swift */; };
/* End PBXBuildFile section */

/* Begin PBXFileReference section */
		FBA58F3F2DFC6064009AAB50 /* ElementsDetected.swift */ = {isa = PBXFileReference; lastKnownFileType = sourcecode.swift; path = ElementsDetected.swift; sourceTree = "<group>"; };
		FBA58F412DFC657D009AAB50 /* RectanglesDetected.swift */ = {isa = PBXFileReference; lastKnownFileType = sourcecode.swift; path = RectanglesDetected.swift; sourceTree = "<group>"; };
		FBA58F432DFC65F3009AAB50 /* HandDetected.swift */ = {isa = PBXFileReference; lastKnownFileType = sourcecode.swift; path = HandDetected.swift; sourceTree = "<group>"; };
		FBA58F452DFC6622009AAB50 /* PiedraPapelTijera.mlpackage */ = {isa = PBXFileReference; lastKnownFileType = folder.mlpackage; path = PiedraPapelTijera.mlpackage; sourceTree = "<group>"; };
		FBA58F492DFC6876009AAB50 /* Info.plist */ = {isa = PBXFileReference; lastKnownFileType = text.plist; path = Info.plist; sourceTree = "<group>"; };
		FBA58F4A2DFC68EB009AAB50 /* MainContent.swift */ = {isa = PBXFileReference; lastKnownFileType = sourcecode.swift; path = MainContent.swift; sourceTree = "<group>"; };
		FBA58F4C2DFC6C2B009AAB50 /* Points18Detected.swift */ = {isa = PBXFileReference; lastKnownFileType = sourcecode.swift; path = Points18Detected.swift; sourceTree = "<group>"; };
		FBA58F4E2DFC6CDA009AAB50 /* AppleIntelligenceView.swift */ = {isa = PBXFileReference; lastKnownFileType = sourcecode.swift; path = AppleIntelligenceView.swift; sourceTree = "<group>"; };
		FBA58F502DFC6D20009AAB50 /* AppleIntelligenceVM.swift */ = {isa = PBXFileReference; lastKnownFileType = sourcecode.swift; path = AppleIntelligenceVM.swift; sourceTree = "<group>"; };
		FBAD1F9E2DF9B4B00089935C /* Dados.mlmodel */ = {isa = PBXFileReference; lastKnownFileType = file.mlmodel; path = Dados.mlmodel; sourceTree = "<group>"; };
		FBAD1FA02DF9B4B00089935C /* SuperHeroes.mlpackage */ = {isa = PBXFileReference; lastKnownFileType = folder.mlpackage; path = SuperHeroes.mlpackage; sourceTree = "<group>"; };
		FBAD1FA12DF9B4B00089935C /* YOLOv3Tiny.mlmodel */ = {isa = PBXFileReference; lastKnownFileType = file.mlmodel; path = YOLOv3Tiny.mlmodel; sourceTree = "<group>"; };
		FBAD1FA72DF9B5550089935C /* Models.swift */ = {isa = PBXFileReference; lastKnownFileType = sourcecode.swift; path = Models.swift; sourceTree = "<group>"; };
		FBAD1FA92DF9C16A0089935C /* CameraFeed.swift */ = {isa = PBXFileReference; lastKnownFileType = sourcecode.swift; path = CameraFeed.swift; sourceTree = "<group>"; };
		FBAD1FAB2DF9C1AB0089935C /* PlayStyle.swift */ = {isa = PBXFileReference; lastKnownFileType = sourcecode.swift; path = PlayStyle.swift; sourceTree = "<group>"; };
		FBAD1FAD2DF9C1C20089935C /* PlayerVideo.swift */ = {isa = PBXFileReference; lastKnownFileType = sourcecode.swift; path = PlayerVideo.swift; sourceTree = "<group>"; };
		FBAD1FAF2DF9C1DB0089935C /* VideoPlayerView.swift */ = {isa = PBXFileReference; lastKnownFileType = sourcecode.swift; path = VideoPlayerView.swift; sourceTree = "<group>"; };
		FBD237652DF6117E00A9B084 /* AIApp.app */ = {isa = PBXFileReference; explicitFileType = wrapper.application; includeInIndex = 0; path = AIApp.app; sourceTree = BUILT_PRODUCTS_DIR; };
		FBD237732DF6129A00A9B084 /* AIApp.swift */ = {isa = PBXFileReference; lastKnownFileType = sourcecode.swift; path = AIApp.swift; sourceTree = "<group>"; };
		FBD237742DF6129A00A9B084 /* Assets.xcassets */ = {isa = PBXFileReference; lastKnownFileType = folder.assetcatalog; path = Assets.xcassets; sourceTree = "<group>"; };
		FBD237752DF6129A00A9B084 /* ContentView.swift */ = {isa = PBXFileReference; lastKnownFileType = sourcecode.swift; path = ContentView.swift; sourceTree = "<group>"; };
		FBD2377A2DF612A100A9B084 /* Anime1.mlpackage */ = {isa = PBXFileReference; lastKnownFileType = folder.mlpackage; path = Anime1.mlpackage; sourceTree = "<group>"; };
		FBD2377B2DF612A100A9B084 /* FastViTT8F16.mlpackage */ = {isa = PBXFileReference; lastKnownFileType = folder.mlpackage; path = FastViTT8F16.mlpackage; sourceTree = "<group>"; };
		FBD2377F2DF6131900A9B084 /* ModelsVM.swift */ = {isa = PBXFileReference; lastKnownFileType = sourcecode.swift; path = ModelsVM.swift; sourceTree = "<group>"; };
		FBD237812DF61C1900A9B084 /* VisionLibraryView.swift */ = {isa = PBXFileReference; lastKnownFileType = sourcecode.swift; path = VisionLibraryView.swift; sourceTree = "<group>"; };
		FBD237832DF6201400A9B084 /* Enums.swift */ = {isa = PBXFileReference; lastKnownFileType = sourcecode.swift; path = Enums.swift; sourceTree = "<group>"; };
		FBD237852DF722F300A9B084 /* Extension.swift */ = {isa = PBXFileReference; lastKnownFileType = sourcecode.swift; path = Extension.swift; sourceTree = "<group>"; };
		FBD237872DF7D58E00A9B084 /* CameraPickerView.swift */ = {isa = PBXFileReference; lastKnownFileType = sourcecode.swift; path = CameraPickerView.swift; sourceTree = "<group>"; };
/* End PBXFileReference section */

/* Begin PBXFrameworksBuildPhase section */
		FBD237622DF6117E00A9B084 /* Frameworks */ = {
			isa = PBXFrameworksBuildPhase;
			buildActionMask = 2147483647;
			files = (
			);
			runOnlyForDeploymentPostprocessing = 0;
		};
/* End PBXFrameworksBuildPhase section */

/* Begin PBXGroup section */
		FBD2375C2DF6117E00A9B084 = {
			isa = PBXGroup;
			children = (
				FBD237762DF6129A00A9B084 /* AIApp */,
				FBD237662DF6117E00A9B084 /* Products */,
			);
			sourceTree = "<group>";
		};
		FBD237662DF6117E00A9B084 /* Products */ = {
			isa = PBXGroup;
			children = (
				FBD237652DF6117E00A9B084 /* AIApp.app */,
			);
			name = Products;
			sourceTree = "<group>";
		};
		FBD237762DF6129A00A9B084 /* AIApp */ = {
			isa = PBXGroup;
			children = (
				FBA58F492DFC6876009AAB50 /* Info.plist */,
				FBD237742DF6129A00A9B084 /* Assets.xcassets */,
				FBD2377C2DF612A100A9B084 /* MLModels */,
				FBD237872DF7D58E00A9B084 /* CameraPickerView.swift */,
				FBD237832DF6201400A9B084 /* Enums.swift */,
				FBD237812DF61C1900A9B084 /* VisionLibraryView.swift */,
				FBA58F432DFC65F3009AAB50 /* HandDetected.swift */,
				FBD2377F2DF6131900A9B084 /* ModelsVM.swift */,
				FBA58F4C2DFC6C2B009AAB50 /* Points18Detected.swift */,
				FBAD1FAB2DF9C1AB0089935C /* PlayStyle.swift */,
				FBAD1FAF2DF9C1DB0089935C /* VideoPlayerView.swift */,
				FBAD1FAD2DF9C1C20089935C /* PlayerVideo.swift */,
				FBA58F412DFC657D009AAB50 /* RectanglesDetected.swift */,
				FBA58F3F2DFC6064009AAB50 /* ElementsDetected.swift */,
				FBAD1FA72DF9B5550089935C /* Models.swift */,
				FBA58F4A2DFC68EB009AAB50 /* MainContent.swift */,
				FBD237852DF722F300A9B084 /* Extension.swift */,
				FBAD1FA92DF9C16A0089935C /* CameraFeed.swift */,
				FBD237752DF6129A00A9B084 /* ContentView.swift */,
				FBD237732DF6129A00A9B084 /* AIApp.swift */,
				FBA58F4E2DFC6CDA009AAB50 /* AppleIntelligenceView.swift */,
				FBA58F502DFC6D20009AAB50 /* AppleIntelligenceVM.swift */,
			);
			path = AIApp;
			sourceTree = "<group>";
		};
		FBD2377C2DF612A100A9B084 /* MLModels */ = {
			isa = PBXGroup;
			children = (
				FBD2377A2DF612A100A9B084 /* Anime1.mlpackage */,
				FBD2377B2DF612A100A9B084 /* FastViTT8F16.mlpackage */,
				FBAD1F9E2DF9B4B00089935C /* Dados.mlmodel */,
				FBAD1FA02DF9B4B00089935C /* SuperHeroes.mlpackage */,
				FBAD1FA12DF9B4B00089935C /* YOLOv3Tiny.mlmodel */,
				FBA58F452DFC6622009AAB50 /* PiedraPapelTijera.mlpackage */,
			);
			path = MLModels;
			sourceTree = "<group>";
		};
/* End PBXGroup section */

/* Begin PBXNativeTarget section */
		FBD237642DF6117E00A9B084 /* AIApp */ = {
			isa = PBXNativeTarget;
			buildConfigurationList = FBD237702DF6118300A9B084 /* Build configuration list for PBXNativeTarget "AIApp" */;
			buildPhases = (
				FBD237612DF6117E00A9B084 /* Sources */,
				FBD237622DF6117E00A9B084 /* Frameworks */,
				FBD237632DF6117E00A9B084 /* Resources */,
			);
			buildRules = (
			);
			dependencies = (
			);
			name = AIApp;
			packageProductDependencies = (
			);
			productName = AIApp;
			productReference = FBD237652DF6117E00A9B084 /* AIApp.app */;
			productType = "com.apple.product-type.application";
		};
/* End PBXNativeTarget section */

/* Begin PBXProject section */
		FBD2375D2DF6117E00A9B084 /* Project object */ = {
			isa = PBXProject;
			attributes = {
				BuildIndependentTargetsInParallel = 1;
				LastSwiftUpdateCheck = 1640;
				LastUpgradeCheck = 1640;
				TargetAttributes = {
					FBD237642DF6117E00A9B084 = {
						CreatedOnToolsVersion = 16.4;
					};
				};
			};
			buildConfigurationList = FBD237602DF6117E00A9B084 /* Build configuration list for PBXProject "AIApp" */;
			developmentRegion = en;
			hasScannedForEncodings = 0;
			knownRegions = (
				en,
				Base,
			);
			mainGroup = FBD2375C2DF6117E00A9B084;
			minimizedProjectReferenceProxies = 1;
			preferredProjectObjectVersion = 77;
			productRefGroup = FBD237662DF6117E00A9B084 /* Products */;
			projectDirPath = "";
			projectRoot = "";
			targets = (
				FBD237642DF6117E00A9B084 /* AIApp */,
			);
		};
/* End PBXProject section */

/* Begin PBXResourcesBuildPhase section */
		FBD237632DF6117E00A9B084 /* Resources */ = {
			isa = PBXResourcesBuildPhase;
			buildActionMask = 2147483647;
			files = (
				FBD237792DF6129A00A9B084 /* Assets.xcassets in Resources */,
			);
			runOnlyForDeploymentPostprocessing = 0;
		};
/* End PBXResourcesBuildPhase section */

/* Begin PBXSourcesBuildPhase section */
		FBD237612DF6117E00A9B084 /* Sources */ = {
			isa = PBXSourcesBuildPhase;
			buildActionMask = 2147483647;
			files = (
				FBAD1FAC2DF9C1AB0089935C /* PlayStyle.swift in Sources */,
				FBD237772DF6129A00A9B084 /* AIApp.swift in Sources */,
				FBA58F422DFC657D009AAB50 /* RectanglesDetected.swift in Sources */,
				FBAD1FA82DF9B5550089935C /* Models.swift in Sources */,
				FBAD1FB02DF9C1DB0089935C /* VideoPlayerView.swift in Sources */,
				FBA58F462DFC6622009AAB50 /* PiedraPapelTijera.mlpackage in Sources */,
				FBD237862DF722F300A9B084 /* Extension.swift in Sources */,
				FBAD1FA22DF9B4B00089935C /* Dados.mlmodel in Sources */,
				FBA58F402DFC6064009AAB50 /* ElementsDetected.swift in Sources */,
				FBAD1FA42DF9B4B00089935C /* YOLOv3Tiny.mlmodel in Sources */,
				FBAD1FA62DF9B4B00089935C /* SuperHeroes.mlpackage in Sources */,
				FBA58F442DFC65F3009AAB50 /* HandDetected.swift in Sources */,
				FBD237782DF6129A00A9B084 /* ContentView.swift in Sources */,
				FBD2377D2DF612A100A9B084 /* Anime1.mlpackage in Sources */,
				FBA58F4F2DFC6CDA009AAB50 /* AppleIntelligenceView.swift in Sources */,
				FBD2377E2DF612A100A9B084 /* FastViTT8F16.mlpackage in Sources */,
				FBD237822DF61C1900A9B084 /* VisionLibraryView.swift in Sources */,
				FBA58F512DFC6D20009AAB50 /* AppleIntelligenceVM.swift in Sources */,
				FBA58F4D2DFC6C2B009AAB50 /* Points18Detected.swift in Sources */,
				FBD237802DF6131900A9B084 /* ModelsVM.swift in Sources */,
				FBD237842DF6201400A9B084 /* Enums.swift in Sources */,
				FBD237882DF7D58E00A9B084 /* CameraPickerView.swift in Sources */,
				FBAD1FAA2DF9C16A0089935C /* CameraFeed.swift in Sources */,
				FBA58F4B2DFC68EB009AAB50 /* MainContent.swift in Sources */,
				FBAD1FAE2DF9C1C20089935C /* PlayerVideo.swift in Sources */,
			);
			runOnlyForDeploymentPostprocessing = 0;
		};
/* End PBXSourcesBuildPhase section */

/* Begin XCBuildConfiguration section */
		FBD2376E2DF6118300A9B084 /* Debug */ = {
			isa = XCBuildConfiguration;
			buildSettings = {
				ALWAYS_SEARCH_USER_PATHS = NO;
				ASSETCATALOG_COMPILER_GENERATE_SWIFT_ASSET_SYMBOL_EXTENSIONS = YES;
				CLANG_ANALYZER_NONNULL = YES;
				CLANG_ANALYZER_NUMBER_OBJECT_CONVERSION = YES_AGGRESSIVE;
				CLANG_CXX_LANGUAGE_STANDARD = "gnu++20";
				CLANG_ENABLE_MODULES = YES;
				CLANG_ENABLE_OBJC_ARC = YES;
				CLANG_ENABLE_OBJC_WEAK = YES;
				CLANG_WARN_BLOCK_CAPTURE_AUTORELEASING = YES;
				CLANG_WARN_BOOL_CONVERSION = YES;
				CLANG_WARN_COMMA = YES;
				CLANG_WARN_CONSTANT_CONVERSION = YES;
				CLANG_WARN_DEPRECATED_OBJC_IMPLEMENTATIONS = YES;
				CLANG_WARN_DIRECT_OBJC_ISA_USAGE = YES_ERROR;
				CLANG_WARN_DOCUMENTATION_COMMENTS = YES;
				CLANG_WARN_EMPTY_BODY = YES;
				CLANG_WARN_ENUM_CONVERSION = YES;
				CLANG_WARN_INFINITE_RECURSION = YES;
				CLANG_WARN_INT_CONVERSION = YES;
				CLANG_WARN_NON_LITERAL_NULL_CONVERSION = YES;
				CLANG_WARN_OBJC_IMPLICIT_RETAIN_SELF = YES;
				CLANG_WARN_OBJC_LITERAL_CONVERSION = YES;
				CLANG_WARN_OBJC_ROOT_CLASS = YES_ERROR;
				CLANG_WARN_QUOTED_INCLUDE_IN_FRAMEWORK_HEADER = YES;
				CLANG_WARN_RANGE_LOOP_ANALYSIS = YES;
				CLANG_WARN_STRICT_PROTOTYPES = YES;
				CLANG_WARN_SUSPICIOUS_MOVE = YES;
				CLANG_WARN_UNGUARDED_AVAILABILITY = YES_AGGRESSIVE;
				CLANG_WARN_UNREACHABLE_CODE = YES;
				CLANG_WARN__DUPLICATE_METHOD_MATCH = YES;
				COPY_PHASE_STRIP = NO;
				DEBUG_INFORMATION_FORMAT = dwarf;
				DEVELOPMENT_TEAM = 7GRZBU3W5C;
				ENABLE_STRICT_OBJC_MSGSEND = YES;
				ENABLE_TESTABILITY = YES;
				ENABLE_USER_SCRIPT_SANDBOXING = YES;
				GCC_C_LANGUAGE_STANDARD = gnu17;
				GCC_DYNAMIC_NO_PIC = NO;
				GCC_NO_COMMON_BLOCKS = YES;
				GCC_OPTIMIZATION_LEVEL = 0;
				GCC_PREPROCESSOR_DEFINITIONS = (
					"DEBUG=1",
					"$(inherited)",
				);
				GCC_WARN_64_TO_32_BIT_CONVERSION = YES;
				GCC_WARN_ABOUT_RETURN_TYPE = YES_ERROR;
				GCC_WARN_UNDECLARED_SELECTOR = YES;
				GCC_WARN_UNINITIALIZED_AUTOS = YES_AGGRESSIVE;
				GCC_WARN_UNUSED_FUNCTION = YES;
				GCC_WARN_UNUSED_VARIABLE = YES;
				IPHONEOS_DEPLOYMENT_TARGET = 18.5;
				LOCALIZATION_PREFERS_STRING_CATALOGS = YES;
				MTL_ENABLE_DEBUG_INFO = INCLUDE_SOURCE;
				MTL_FAST_MATH = YES;
				ONLY_ACTIVE_ARCH = YES;
				SDKROOT = iphoneos;
				SWIFT_ACTIVE_COMPILATION_CONDITIONS = "DEBUG $(inherited)";
				SWIFT_OPTIMIZATION_LEVEL = "-Onone";
			};
			name = Debug;
		};
		FBD2376F2DF6118300A9B084 /* Release */ = {
			isa = XCBuildConfiguration;
			buildSettings = {
				ALWAYS_SEARCH_USER_PATHS = NO;
				ASSETCATALOG_COMPILER_GENERATE_SWIFT_ASSET_SYMBOL_EXTENSIONS = YES;
				CLANG_ANALYZER_NONNULL = YES;
				CLANG_ANALYZER_NUMBER_OBJECT_CONVERSION = YES_AGGRESSIVE;
				CLANG_CXX_LANGUAGE_STANDARD = "gnu++20";
				CLANG_ENABLE_MODULES = YES;
				CLANG_ENABLE_OBJC_ARC = YES;
				CLANG_ENABLE_OBJC_WEAK = YES;
				CLANG_WARN_BLOCK_CAPTURE_AUTORELEASING = YES;
				CLANG_WARN_BOOL_CONVERSION = YES;
				CLANG_WARN_COMMA = YES;
				CLANG_WARN_CONSTANT_CONVERSION = YES;
				CLANG_WARN_DEPRECATED_OBJC_IMPLEMENTATIONS = YES;
				CLANG_WARN_DIRECT_OBJC_ISA_USAGE = YES_ERROR;
				CLANG_WARN_DOCUMENTATION_COMMENTS = YES;
				CLANG_WARN_EMPTY_BODY = YES;
				CLANG_WARN_ENUM_CONVERSION = YES;
				CLANG_WARN_INFINITE_RECURSION = YES;
				CLANG_WARN_INT_CONVERSION = YES;
				CLANG_WARN_NON_LITERAL_NULL_CONVERSION = YES;
				CLANG_WARN_OBJC_IMPLICIT_RETAIN_SELF = YES;
				CLANG_WARN_OBJC_LITERAL_CONVERSION = YES;
				CLANG_WARN_OBJC_ROOT_CLASS = YES_ERROR;
				CLANG_WARN_QUOTED_INCLUDE_IN_FRAMEWORK_HEADER = YES;
				CLANG_WARN_RANGE_LOOP_ANALYSIS = YES;
				CLANG_WARN_STRICT_PROTOTYPES = YES;
				CLANG_WARN_SUSPICIOUS_MOVE = YES;
				CLANG_WARN_UNGUARDED_AVAILABILITY = YES_AGGRESSIVE;
				CLANG_WARN_UNREACHABLE_CODE = YES;
				CLANG_WARN__DUPLICATE_METHOD_MATCH = YES;
				COPY_PHASE_STRIP = NO;
				DEBUG_INFORMATION_FORMAT = "dwarf-with-dsym";
				DEVELOPMENT_TEAM = 7GRZBU3W5C;
				ENABLE_NS_ASSERTIONS = NO;
				ENABLE_STRICT_OBJC_MSGSEND = YES;
				ENABLE_USER_SCRIPT_SANDBOXING = YES;
				GCC_C_LANGUAGE_STANDARD = gnu17;
				GCC_NO_COMMON_BLOCKS = YES;
				GCC_WARN_64_TO_32_BIT_CONVERSION = YES;
				GCC_WARN_ABOUT_RETURN_TYPE = YES_ERROR;
				GCC_WARN_UNDECLARED_SELECTOR = YES;
				GCC_WARN_UNINITIALIZED_AUTOS = YES_AGGRESSIVE;
				GCC_WARN_UNUSED_FUNCTION = YES;
				GCC_WARN_UNUSED_VARIABLE = YES;
				IPHONEOS_DEPLOYMENT_TARGET = 18.5;
				LOCALIZATION_PREFERS_STRING_CATALOGS = YES;
				MTL_ENABLE_DEBUG_INFO = NO;
				MTL_FAST_MATH = YES;
				SDKROOT = iphoneos;
				SWIFT_COMPILATION_MODE = wholemodule;
				VALIDATE_PRODUCT = YES;
			};
			name = Release;
		};
		FBD237712DF6118300A9B084 /* Debug */ = {
			isa = XCBuildConfiguration;
			buildSettings = {
				ASSETCATALOG_COMPILER_APPICON_NAME = AppIcon;
				ASSETCATALOG_COMPILER_GLOBAL_ACCENT_COLOR_NAME = AccentColor;
				CODE_SIGN_STYLE = Automatic;
				CURRENT_PROJECT_VERSION = 1;
				DEVELOPMENT_TEAM = 7GRZBU3W5C;
				ENABLE_PREVIEWS = YES;
				GENERATE_INFOPLIST_FILE = YES;
				INFOPLIST_FILE = AIApp/Info.plist;
				INFOPLIST_KEY_LSApplicationCategoryType = "";
				INFOPLIST_KEY_NSCameraUsageDescription = "Necesito la cámara para tomar fotos.";
				INFOPLIST_KEY_UIApplicationSceneManifest_Generation = YES;
				INFOPLIST_KEY_UIApplicationSupportsIndirectInputEvents = YES;
				INFOPLIST_KEY_UILaunchScreen_Generation = YES;
				INFOPLIST_KEY_UISupportedInterfaceOrientations_iPad = "UIInterfaceOrientationPortrait UIInterfaceOrientationPortraitUpsideDown UIInterfaceOrientationLandscapeLeft UIInterfaceOrientationLandscapeRight";
				INFOPLIST_KEY_UISupportedInterfaceOrientations_iPhone = "UIInterfaceOrientationPortrait UIInterfaceOrientationLandscapeLeft UIInterfaceOrientationLandscapeRight";
				LD_RUNPATH_SEARCH_PATHS = (
					"$(inherited)",
					"@executable_path/Frameworks",
				);
				MARKETING_VERSION = 1.0;
				PRODUCT_BUNDLE_IDENTIFIER = com.cxcarvaj.AIApp;
				PRODUCT_NAME = "$(TARGET_NAME)";
				SWIFT_EMIT_LOC_STRINGS = YES;
				SWIFT_VERSION = 6.0;
				TARGETED_DEVICE_FAMILY = "1,2";
			};
			name = Debug;
		};
		FBD237722DF6118300A9B084 /* Release */ = {
			isa = XCBuildConfiguration;
			buildSettings = {
				ASSETCATALOG_COMPILER_APPICON_NAME = AppIcon;
				ASSETCATALOG_COMPILER_GLOBAL_ACCENT_COLOR_NAME = AccentColor;
				CODE_SIGN_STYLE = Automatic;
				CURRENT_PROJECT_VERSION = 1;
				DEVELOPMENT_TEAM = 7GRZBU3W5C;
				ENABLE_PREVIEWS = YES;
				GENERATE_INFOPLIST_FILE = YES;
				INFOPLIST_FILE = AIApp/Info.plist;
				INFOPLIST_KEY_LSApplicationCategoryType = "";
				INFOPLIST_KEY_NSCameraUsageDescription = "Necesito la cámara para tomar fotos.";
				INFOPLIST_KEY_UIApplicationSceneManifest_Generation = YES;
				INFOPLIST_KEY_UIApplicationSupportsIndirectInputEvents = YES;
				INFOPLIST_KEY_UILaunchScreen_Generation = YES;
				INFOPLIST_KEY_UISupportedInterfaceOrientations_iPad = "UIInterfaceOrientationPortrait UIInterfaceOrientationPortraitUpsideDown UIInterfaceOrientationLandscapeLeft UIInterfaceOrientationLandscapeRight";
				INFOPLIST_KEY_UISupportedInterfaceOrientations_iPhone = "UIInterfaceOrientationPortrait UIInterfaceOrientationLandscapeLeft UIInterfaceOrientationLandscapeRight";
				LD_RUNPATH_SEARCH_PATHS = (
					"$(inherited)",
					"@executable_path/Frameworks",
				);
				MARKETING_VERSION = 1.0;
				PRODUCT_BUNDLE_IDENTIFIER = com.cxcarvaj.AIApp;
				PRODUCT_NAME = "$(TARGET_NAME)";
				SWIFT_EMIT_LOC_STRINGS = YES;
				SWIFT_VERSION = 6.0;
				TARGETED_DEVICE_FAMILY = "1,2";
			};
			name = Release;
		};
/* End XCBuildConfiguration section */

/* Begin XCConfigurationList section */
		FBD237602DF6117E00A9B084 /* Build configuration list for PBXProject "AIApp" */ = {
			isa = XCConfigurationList;
			buildConfigurations = (
				FBD2376E2DF6118300A9B084 /* Debug */,
				FBD2376F2DF6118300A9B084 /* Release */,
			);
			defaultConfigurationIsVisible = 0;
			defaultConfigurationName = Release;
		};
		FBD237702DF6118300A9B084 /* Build configuration list for PBXNativeTarget "AIApp" */ = {
			isa = XCConfigurationList;
			buildConfigurations = (
				FBD237712DF6118300A9B084 /* Debug */,
				FBD237722DF6118300A9B084 /* Release */,
			);
			defaultConfigurationIsVisible = 0;
			defaultConfigurationName = Release;
		};
/* End XCConfigurationList section */
	};
	rootObject = FBD2375D2DF6117E00A9B084 /* Project object */;
}
